lockfileVersion: '9.0'

settings:
  autoInstallPeers: true
  excludeLinksFromLockfile: false

importers:

  .:
    dependencies:
      '@js-temporal/polyfill':
        specifier: ^0.5.1
        version: 0.5.1
      '@solana-program/stake':
        specifier: ^0.5.0
        version: 0.5.0(@solana/kit@6.0.1)
      '@solana-program/system':
        specifier: ^0.10.0
        version: 0.10.0(@solana/kit@6.0.1)
      '@solana/kit':
        specifier: ^6.0.1
        version: 6.0.1
      dotenv:
        specifier: ^17.2.4
        version: 17.2.4
    devDependencies:
      '@types/node':
        specifier: ^25.2.1
        version: 25.2.1
      tsx:
        specifier: ^4.21.0
        version: 4.21.0

packages:

  '@esbuild/aix-ppc64@0.27.3':
    resolution: {integrity: sha512-9fJMTNFTWZMh5qwrBItuziu834eOCUcEqymSH7pY+zoMVEZg3gcPuBNxH1EvfVYe9h0x/Ptw8KBzv7qxb7l8dg==}
    engines: {node: '>=18'}
    cpu: [ppc64]
    os: [aix]

  '@esbuild/android-arm64@0.27.3':
    resolution: {integrity: sha512-YdghPYUmj/FX2SYKJ0OZxf+iaKgMsKHVPF1MAq/P8WirnSpCStzKJFjOjzsW0QQ7oIAiccHdcqjbHmJxRb/dmg==}
    engines: {node: '>=18'}
    cpu: [arm64]
    os: [android]

  '@esbuild/android-arm@0.27.3':
    resolution: {integrity: sha512-i5D1hPY7GIQmXlXhs2w8AWHhenb00+GxjxRncS2ZM7YNVGNfaMxgzSGuO8o8SJzRc/oZwU2bcScvVERk03QhzA==}
    engines: {node: '>=18'}
    cpu: [arm]
    os: [android]

  '@esbuild/android-x64@0.27.3':
    resolution: {integrity: sha512-IN/0BNTkHtk8lkOM8JWAYFg4ORxBkZQf9zXiEOfERX/CzxW3Vg1ewAhU7QSWQpVIzTW+b8Xy+lGzdYXV6UZObQ==}
    engines: {node: '>=18'}
    cpu: [x64]
    os: [android]

  '@esbuild/darwin-arm64@0.27.3':
    resolution: {integrity: sha512-Re491k7ByTVRy0t3EKWajdLIr0gz2kKKfzafkth4Q8A5n1xTHrkqZgLLjFEHVD+AXdUGgQMq+Godfq45mGpCKg==}
    engines: {node: '>=18'}
    cpu: [arm64]
    os: [darwin]

  '@esbuild/darwin-x64@0.27.3':
    resolution: {integrity: sha512-vHk/hA7/1AckjGzRqi6wbo+jaShzRowYip6rt6q7VYEDX4LEy1pZfDpdxCBnGtl+A5zq8iXDcyuxwtv3hNtHFg==}
    engines: {node: '>=18'}
    cpu: [x64]
    os: [darwin]

  '@esbuild/freebsd-arm64@0.27.3':
    resolution: {integrity: sha512-ipTYM2fjt3kQAYOvo6vcxJx3nBYAzPjgTCk7QEgZG8AUO3ydUhvelmhrbOheMnGOlaSFUoHXB6un+A7q4ygY9w==}
    engines: {node: '>=18'}
    cpu: [arm64]
    os: [freebsd]

  '@esbuild/freebsd-x64@0.27.3':
    resolution: {integrity: sha512-dDk0X87T7mI6U3K9VjWtHOXqwAMJBNN2r7bejDsc+j03SEjtD9HrOl8gVFByeM0aJksoUuUVU9TBaZa2rgj0oA==}
    engines: {node: '>=18'}
    cpu: [x64]
    os: [freebsd]

  '@esbuild/linux-arm64@0.27.3':
    resolution: {integrity: sha512-sZOuFz/xWnZ4KH3YfFrKCf1WyPZHakVzTiqji3WDc0BCl2kBwiJLCXpzLzUBLgmp4veFZdvN5ChW4Eq/8Fc2Fg==}
    engines: {node: '>=18'}
    cpu: [arm64]
    os: [linux]

  '@esbuild/linux-arm@0.27.3':
    resolution: {integrity: sha512-s6nPv2QkSupJwLYyfS+gwdirm0ukyTFNl3KTgZEAiJDd+iHZcbTPPcWCcRYH+WlNbwChgH2QkE9NSlNrMT8Gfw==}
    engines: {node: '>=18'}
    cpu: [arm]
    os: [linux]

  '@esbuild/linux-ia32@0.27.3':
    resolution: {integrity: sha512-yGlQYjdxtLdh0a3jHjuwOrxQjOZYD/C9PfdbgJJF3TIZWnm/tMd/RcNiLngiu4iwcBAOezdnSLAwQDPqTmtTYg==}
    engines: {node: '>=18'}
    cpu: [ia32]
    os: [linux]

  '@esbuild/linux-loong64@0.27.3':
    resolution: {integrity: sha512-WO60Sn8ly3gtzhyjATDgieJNet/KqsDlX5nRC5Y3oTFcS1l0KWba+SEa9Ja1GfDqSF1z6hif/SkpQJbL63cgOA==}
    engines: {node: '>=18'}
    cpu: [loong64]
    os: [linux]

  '@esbuild/linux-mips64el@0.27.3':
    resolution: {integrity: sha512-APsymYA6sGcZ4pD6k+UxbDjOFSvPWyZhjaiPyl/f79xKxwTnrn5QUnXR5prvetuaSMsb4jgeHewIDCIWljrSxw==}
    engines: {node: '>=18'}
    cpu: [mips64el]
    os: [linux]

  '@esbuild/linux-ppc64@0.27.3':
    resolution: {integrity: sha512-eizBnTeBefojtDb9nSh4vvVQ3V9Qf9Df01PfawPcRzJH4gFSgrObw+LveUyDoKU3kxi5+9RJTCWlj4FjYXVPEA==}
    engines: {node: '>=18'}
    cpu: [ppc64]
    os: [linux]

  '@esbuild/linux-riscv64@0.27.3':
    resolution: {integrity: sha512-3Emwh0r5wmfm3ssTWRQSyVhbOHvqegUDRd0WhmXKX2mkHJe1SFCMJhagUleMq+Uci34wLSipf8Lagt4LlpRFWQ==}
    engines: {node: '>=18'}
    cpu: [riscv64]
    os: [linux]

  '@esbuild/linux-s390x@0.27.3':
    resolution: {integrity: sha512-pBHUx9LzXWBc7MFIEEL0yD/ZVtNgLytvx60gES28GcWMqil8ElCYR4kvbV2BDqsHOvVDRrOxGySBM9Fcv744hw==}
    engines: {node: '>=18'}
    cpu: [s390x]
    os: [linux]

  '@esbuild/linux-x64@0.27.3':
    resolution: {integrity: sha512-Czi8yzXUWIQYAtL/2y6vogER8pvcsOsk5cpwL4Gk5nJqH5UZiVByIY8Eorm5R13gq+DQKYg0+JyQoytLQas4dA==}
    engines: {node: '>=18'}
    cpu: [x64]
    os: [linux]

  '@esbuild/netbsd-arm64@0.27.3':
    resolution: {integrity: sha512-sDpk0RgmTCR/5HguIZa9n9u+HVKf40fbEUt+iTzSnCaGvY9kFP0YKBWZtJaraonFnqef5SlJ8/TiPAxzyS+UoA==}
    engines: {node: '>=18'}
    cpu: [arm64]
    os: [netbsd]

  '@esbuild/netbsd-x64@0.27.3':
    resolution: {integrity: sha512-P14lFKJl/DdaE00LItAukUdZO5iqNH7+PjoBm+fLQjtxfcfFE20Xf5CrLsmZdq5LFFZzb5JMZ9grUwvtVYzjiA==}
    engines: {node: '>=18'}
    cpu: [x64]
    os: [netbsd]

  '@esbuild/openbsd-arm64@0.27.3':
    resolution: {integrity: sha512-AIcMP77AvirGbRl/UZFTq5hjXK+2wC7qFRGoHSDrZ5v5b8DK/GYpXW3CPRL53NkvDqb9D+alBiC/dV0Fb7eJcw==}
    engines: {node: '>=18'}
    cpu: [arm64]
    os: [openbsd]

  '@esbuild/openbsd-x64@0.27.3':
    resolution: {integrity: sha512-DnW2sRrBzA+YnE70LKqnM3P+z8vehfJWHXECbwBmH/CU51z6FiqTQTHFenPlHmo3a8UgpLyH3PT+87OViOh1AQ==}
    engines: {node: '>=18'}
    cpu: [x64]
    os: [openbsd]

  '@esbuild/openharmony-arm64@0.27.3':
    resolution: {integrity: sha512-NinAEgr/etERPTsZJ7aEZQvvg/A6IsZG/LgZy+81wON2huV7SrK3e63dU0XhyZP4RKGyTm7aOgmQk0bGp0fy2g==}
    engines: {node: '>=18'}
    cpu: [arm64]
    os: [openharmony]

  '@esbuild/sunos-x64@0.27.3':
    resolution: {integrity: sha512-PanZ+nEz+eWoBJ8/f8HKxTTD172SKwdXebZ0ndd953gt1HRBbhMsaNqjTyYLGLPdoWHy4zLU7bDVJztF5f3BHA==}
    engines: {node: '>=18'}
    cpu: [x64]
    os: [sunos]

  '@esbuild/win32-arm64@0.27.3':
    resolution: {integrity: sha512-B2t59lWWYrbRDw/tjiWOuzSsFh1Y/E95ofKz7rIVYSQkUYBjfSgf6oeYPNWHToFRr2zx52JKApIcAS/D5TUBnA==}
    engines: {node: '>=18'}
    cpu: [arm64]
    os: [win32]

  '@esbuild/win32-ia32@0.27.3':
    resolution: {integrity: sha512-QLKSFeXNS8+tHW7tZpMtjlNb7HKau0QDpwm49u0vUp9y1WOF+PEzkU84y9GqYaAVW8aH8f3GcBck26jh54cX4Q==}
    engines: {node: '>=18'}
    cpu: [ia32]
    os: [win32]

  '@esbuild/win32-x64@0.27.3':
    resolution: {integrity: sha512-4uJGhsxuptu3OcpVAzli+/gWusVGwZZHTlS63hh++ehExkVT8SgiEf7/uC/PclrPPkLhZqGgCTjd0VWLo6xMqA==}
    engines: {node: '>=18'}
    cpu: [x64]
    os: [win32]

  '@js-temporal/polyfill@0.5.1':
    resolution: {integrity: sha512-hloP58zRVCRSpgDxmqCWJNlizAlUgJFqG2ypq79DCvyv9tHjRYMDOcPFjzfl/A1/YxDvRCZz8wvZvmapQnKwFQ==}
    engines: {node: '>=12'}

  '@solana-program/stake@0.5.0':
    resolution: {integrity: sha512-G3G1kcyTDTqcDEUqJkKyPfHAGh6AociXnDu4dZ87LprWeV3qZ26tReiOu3HN7inf2wCyJ32BWJyxoKNFVL9C8w==}
    peerDependencies:
      '@solana/kit': ^5.0

  '@solana-program/system@0.10.0':
    resolution: {integrity: sha512-Go+LOEZmqmNlfr+Gjy5ZWAdY5HbYzk2RBewD9QinEU/bBSzpFfzqDRT55JjFRBGJUvMgf3C2vfXEGT4i8DSI4g==}
    peerDependencies:
      '@solana/kit': ^5.0

  '@solana/accounts@6.0.1':
    resolution: {integrity: sha512-wdW2KI31jeAIyryL2hLytu+bmIbfKBPkO2Qsu7DO80m2pqOVVOGQ0L0wIqFdNXZN7Eu/FVTY8sh6gqF9bnf5LQ==}
    engines: {node: '>=20.18.0'}
    peerDependencies:
      typescript: ^5.0.0
    peerDependenciesMeta:
      typescript:
        optional: true

  '@solana/addresses@6.0.1':
    resolution: {integrity: sha512-i/7JuTZF1MInCulP8/+aK9khKcDgjTrqqEl3wRmg6Kk/Dq+rOBrjXggLf3bEtGSWV53iH0NGDQt+psUNFd5Reg==}
    engines: {node: '>=20.18.0'}
    peerDependencies:
      typescript: ^5.0.0
    peerDependenciesMeta:
      typescript:
        optional: true

  '@solana/assertions@6.0.1':
    resolution: {integrity: sha512-Fnk0PCxjeNLDrsRQX+DRS3HnN5PRYQedosmtqx0/xK2CIB4lG/4coK/IdoL6i8/yS4EcKq8gNcMfH4fkmaMfLQ==}
    engines: {node: '>=20.18.0'}
    peerDependencies:
      typescript: ^5.0.0
    peerDependenciesMeta:
      typescript:
        optional: true

  '@solana/codecs-core@6.0.1':
    resolution: {integrity: sha512-OnUQk94qfvfE0nVveZ638aNUL3tyRJoorUFiAG0ICTGUo3c6fkYb8vH23o/5O2qmuSmYND1sn+UCaldNMVkFpg==}
    engines: {node: '>=20.18.0'}
    peerDependencies:
      typescript: ^5.0.0
    peerDependenciesMeta:
      typescript:
        optional: true

  '@solana/codecs-data-structures@6.0.1':
    resolution: {integrity: sha512-ImPGi5wtpca0gLaD9dJGj29z6GMU8tCYjqnmTc5Lyh5S80iCz9wNlwT1/VvPM6gqeIOFVx8bM9H1iljQ7MuCMw==}
    engines: {node: '>=20.18.0'}
    peerDependencies:
      typescript: ^5.0.0
    peerDependenciesMeta:
      typescript:
        optional: true

  '@solana/codecs-numbers@6.0.1':
    resolution: {integrity: sha512-ZrI1NjUsf4I+Klue/2rlQbZLcGRom/G2E4VB/8x4IEHGOeFLQhXcxmnib8kdgomQRYOzF1BjVDmCYxvZr+6AWA==}
    engines: {node: '>=20.18.0'}
    peerDependencies:
      typescript: ^5.0.0
    peerDependenciesMeta:
      typescript:
        optional: true

  '@solana/codecs-strings@6.0.1':
    resolution: {integrity: sha512-OmMIfMFbbJVIxveBeATKCj9DsmZ8l4vJPnOLHUop0hLWRiYHTQ1qokMqfk/X8PCmUjXmbXnlp63BikGtdKN3/g==}
    engines: {node: '>=20.18.0'}
    peerDependencies:
      fastestsmallesttextencoderdecoder: ^1.0.22
      typescript: ^5.0.0
    peerDependenciesMeta:
      fastestsmallesttextencoderdecoder:
        optional: true
      typescript:
        optional: true

  '@solana/codecs@6.0.1':
    resolution: {integrity: sha512-xNL69WA50fCMItk3zXA7UMDHVMDyW9paL32wwxzL++sv7txfgma3UIAxP90tn9GBMwjPTB74hI6ook1mA2DhTQ==}
    engines: {node: '>=20.18.0'}
    peerDependencies:
      typescript: ^5.0.0
    peerDependenciesMeta:
      typescript:
        optional: true

  '@solana/errors@6.0.1':
    resolution: {integrity: sha512-sMe5GCsXto8F1KDeq9GbZR0+m841SqEYep3NAcYlC0lqF2RG4giaaPQHgrWI5DJR/L7yc8FzUIQfTxnaN7bwOQ==}
    engines: {node: '>=20.18.0'}
    hasBin: true
    peerDependencies:
      typescript: ^5.0.0
    peerDependenciesMeta:
      typescript:
        optional: true

  '@solana/fast-stable-stringify@6.0.1':
    resolution: {integrity: sha512-60F0TaKm+mbIfsj94TaPgO2mbKtXVYyELC1Kf8YoRo9jIQSXVGXdljXR1UzqSxrN6V4Ueyx3RE5jW9fAIzQZ/A==}
    engines: {node: '>=20.18.0'}
    peerDependencies:
      typescript: ^5.0.0
    peerDependenciesMeta:
      typescript:
        optional: true

  '@solana/functional@6.0.1':
    resolution: {integrity: sha512-qHPw87tCf4Kq4H9cpH6XV/C1wKJzSj0OQ8t+BqbFxvpX+c7svSRUY/It2gJOAcJd9f9hduQ3ZrqARXOU7aILvw==}
    engines: {node: '>=20.18.0'}
    peerDependencies:
      typescript: ^5.0.0
    peerDependenciesMeta:
      typescript:
        optional: true

  '@solana/instruction-plans@6.0.1':
    resolution: {integrity: sha512-aEwCfksUxVgcrOGnDJmmIp4phYn+DpOeS0fq7v3uteBu7T7lkwW+EJCu2iT1j1VLxcjDuPf243pNBp5GR13+yw==}
    engines: {node: '>=20.18.0'}
    peerDependencies:
      typescript: ^5.0.0
    peerDependenciesMeta:
      typescript:
        optional: true

  '@solana/instructions@6.0.1':
    resolution: {integrity: sha512-qNTc3GrmiesN2x27Ap8qhKKn9vIocz/1Dc/Am7hiYU4TFiKtuj34TARyDa5VVbLGKRY5vZCpNsX2jqVx2V0lSQ==}
    engines: {node: '>=20.18.0'}
    peerDependencies:
      typescript: ^5.0.0
    peerDependenciesMeta:
      typescript:
        optional: true

  '@solana/keys@6.0.1':
    resolution: {integrity: sha512-naN3yRzN2VDJUgdcrxwsObr2ik8MV2brOI/MLrOWDUW8nlVfcs4OC7mB/HC1hYd60DT0rsP18P33Gjd8juknYw==}
    engines: {node: '>=20.18.0'}
    peerDependencies:
      typescript: ^5.0.0
    peerDependenciesMeta:
      typescript:
        optional: true

  '@solana/kit@6.0.1':
    resolution: {integrity: sha512-zCU5URMgkCgL5hZOxjIzhAD7SjqVAJN4sbpyC4MatxbXE/NGoabPc4I2y5STrXsZLokQD0t4KZ1zs9v5M8Ylag==}
    engines: {node: '>=20.18.0'}
    peerDependencies:
      typescript: ^5.0.0
    peerDependenciesMeta:
      typescript:
        optional: true

  '@solana/nominal-types@6.0.1':
    resolution: {integrity: sha512-2/1loP3iHgLQIaeksrDPNL2be2zboKbsF2EKDAt7zqbiDCOsPY9Kgdq50WJGGileIXD0v7yincq6UTdOLcaR8Q==}
    engines: {node: '>=20.18.0'}
    peerDependencies:
      typescript: ^5.0.0
    peerDependenciesMeta:
      typescript:
        optional: true

  '@solana/offchain-messages@6.0.1':
    resolution: {integrity: sha512-lwpNl+kusH2v5nLgUfwxme66uDonCn8+TqzYqJeENolaAbV0nnF8rV4ZHjfFs1Bc/3UG+TxrI0WYvRI+B5nVBA==}
    engines: {node: '>=20.18.0'}
    peerDependencies:
      typescript: ^5.0.0
    peerDependenciesMeta:
      typescript:
        optional: true

  '@solana/options@6.0.1':
    resolution: {integrity: sha512-ld13WWyMgicU8FkN6dNOmMJgVaV0uqU8HDQRJCfClsPl0v2TQ1t3aOYHkxpYfX+OvBjja1x2v2wflqJgUHKS+Q==}
    engines: {node: '>=20.18.0'}
    peerDependencies:
      typescript: ^5.0.0
    peerDependenciesMeta:
      typescript:
        optional: true

  '@solana/plugin-core@6.0.1':
    resolution: {integrity: sha512-mrVb6cf/HurU93z2bgCOoRxWuZWF/fWzIK+v7YMl9t8aKHhGdB4/iElXvPwGoArapZJaAe7dRqHgCJvYRPFvCg==}
    engines: {node: '>=20.18.0'}
    peerDependencies:
      typescript: ^5.0.0
    peerDependenciesMeta:
      typescript:
        optional: true

  '@solana/programs@6.0.1':
    resolution: {integrity: sha512-eKsSVuADG/bzTu66iwhJctbIEQQLZVnD/kx98gtPAuNG6Z1WjMXO8tn6EYLn3ndc5yS+oeNSQBV6z3ozL+gTkQ==}
    engines: {node: '>=20.18.0'}
    peerDependencies:
      typescript: ^5.0.0
    peerDependenciesMeta:
      typescript:
        optional: true

  '@solana/promises@6.0.1':
    resolution: {integrity: sha512-6W8yFBtjhwy8Gn7aagXBUjiQejpa+ENgqot2uy3LACQPQMCnd+TwZk9Pggnm5+Q12rm+d9bMvAa4110eoXR0Bw==}
    engines: {node: '>=20.18.0'}
    peerDependencies:
      typescript: ^5.0.0
    peerDependenciesMeta:
      typescript:
        optional: true

  '@solana/rpc-api@6.0.1':
    resolution: {integrity: sha512-lCXPGHx2eF8wl0kdpuDLWX44vdDaTcPTAD9hCIsHQFLWeahJDarieoOacaAuse6TsRtGaPExBvbW6Da555Lnaw==}
    engines: {node: '>=20.18.0'}
    peerDependencies:
      typescript: ^5.0.0
    peerDependenciesMeta:
      typescript:
        optional: true

  '@solana/rpc-parsed-types@6.0.1':
    resolution: {integrity: sha512-2CnWhtJuiOgefU3EerwM1bg/OvmLJTMBUuGiSVoVAr7WfGjUXcoRa3mNO0HUDDoRo2gZwM/8BaFzhiRSbamsmQ==}
    engines: {node: '>=20.18.0'}
    peerDependencies:
      typescript: ^5.0.0
    peerDependenciesMeta:
      typescript:
        optional: true

  '@solana/rpc-spec-types@6.0.1':
    resolution: {integrity: sha512-dosqI9gWs5Cz5T9Uanu4FkMkBN7AD6bRVw0YDIkalRcpC50Ak2iP48fJKArw3lh/phjcxEBVQxY3XeKEVGZP7Q==}
    engines: {node: '>=20.18.0'}
    peerDependencies:
      typescript: ^5.0.0
    peerDependenciesMeta:
      typescript:
        optional: true

  '@solana/rpc-spec@6.0.1':
    resolution: {integrity: sha512-SfZZUCbpiKNHsIAYq9WKd6PhnpXkH8ASRIda9KMkpFtTVg1thm4sA/A/Jpk8vJDpUVvzYLBVblNHQWqwRiRxAA==}
    engines: {node: '>=20.18.0'}
    peerDependencies:
      typescript: ^5.0.0
    peerDependenciesMeta:
      typescript:
        optional: true

  '@solana/rpc-subscriptions-api@6.0.1':
    resolution: {integrity: sha512-yj6niyZ6jqwg4u4oi55gDPzDNwXdgGBuu1zVfUnD6auCavDl4OxziUEtRIQ3NURJZa5kjTqQ48TuR0tD55vfiA==}
    engines: {node: '>=20.18.0'}
    peerDependencies:
      typescript: ^5.0.0
    peerDependenciesMeta:
      typescript:
        optional: true

  '@solana/rpc-subscriptions-channel-websocket@6.0.1':
    resolution: {integrity: sha512-lxjfG+krZF8np69SQyRbmQL8jYNV/G69Ak782GYYfkEdAYztFs9OOQMgZNuciIgUlQAcXWWkNjJ6GhIbisg9NA==}
    engines: {node: '>=20.18.0'}
    peerDependencies:
      typescript: ^5.0.0
    peerDependenciesMeta:
      typescript:
        optional: true

  '@solana/rpc-subscriptions-spec@6.0.1':
    resolution: {integrity: sha512-FhZOXpP71R5y7q0TEvAFNJ+WmxIJUfhQicgae71WQtaiw+vM/dFnT/AL3I9rRBVzF0UQ7wIeqkuVKltdJEdzqQ==}
    engines: {node: '>=20.18.0'}
    peerDependencies:
      typescript: ^5.0.0
    peerDependenciesMeta:
      typescript:
        optional: true

  '@solana/rpc-subscriptions@6.0.1':
    resolution: {integrity: sha512-h2LXD8PiXPZca3vtECmUSEzLjc5m6EswgnJcq+HtJqA0M+xINFRl8mL6yS5D2d1Cf7sl/CwU/7935GJ8uLFeJA==}
    engines: {node: '>=20.18.0'}
    peerDependencies:
      typescript: ^5.0.0
    peerDependenciesMeta:
      typescript:
        optional: true

  '@solana/rpc-transformers@6.0.1':
    resolution: {integrity: sha512-tkyTh5jwK/IZV+jI4plFttG1l43g47YB/laFtxYvu8OZx5RTCljryPh5RamjxGAhFk3w6xnLZJbc3MBk8VrPsQ==}
    engines: {node: '>=20.18.0'}
    peerDependencies:
      typescript: ^5.0.0
    peerDependenciesMeta:
      typescript:
        optional: true

  '@solana/rpc-transport-http@6.0.1':
    resolution: {integrity: sha512-l9TOpQq4cSIhReyzLJb7j+03YaUDClDJOzJr7ZQSo1fqt7Ww6C5+dKOVIUUu6tg9AOO8mCA0QVT/rFmZ9ZjhiQ==}
    engines: {node: '>=20.18.0'}
    peerDependencies:
      typescript: ^5.0.0
    peerDependenciesMeta:
      typescript:
        optional: true

  '@solana/rpc-types@6.0.1':
    resolution: {integrity: sha512-40nXhThKNzh0ih2Pd8ACsIKPgVaP/6OqbLfgcZxPjZ10XjhjMy9crwW1ZF0EPhK8uo+bs9gtztl9OVWWgYYrNQ==}
    engines: {node: '>=20.18.0'}
    peerDependencies:
      typescript: ^5.0.0
    peerDependenciesMeta:
      typescript:
        optional: true

  '@solana/rpc@6.0.1':
    resolution: {integrity: sha512-fuRnm1SNcRLWii6N3WeJL8LSJJDEVEdS+ZDXclUWAPXUccl6wGb99/1tHWeOOwczgk9nmWoTYY9XeOLJt88HSg==}
    engines: {node: '>=20.18.0'}
    peerDependencies:
      typescript: ^5.0.0
    peerDependenciesMeta:
      typescript:
        optional: true

  '@solana/signers@6.0.1':
    resolution: {integrity: sha512-iby4CGjk4pBNqytpyyPK2IGZ8/BMcrdtubVCuSYze2DJE3RdrPkuhVv2A6A6Cfk/0DPfUkqZQtTNMxCOj6oCbw==}
    engines: {node: '>=20.18.0'}
    peerDependencies:
      typescript: ^5.0.0
    peerDependenciesMeta:
      typescript:
        optional: true

  '@solana/subscribable@6.0.1':
    resolution: {integrity: sha512-GGXvRVzOAJlbGwwgOHbcxwT8lILkgrlHYO72ChkG8IbJWq7eTi1+Uz3TQTsXtC923dZ2XHLqp+aHl7Kx3L3ENg==}
    engines: {node: '>=20.18.0'}
    peerDependencies:
      typescript: ^5.0.0
    peerDependenciesMeta:
      typescript:
        optional: true

  '@solana/sysvars@6.0.1':
    resolution: {integrity: sha512-fSMasRQUfbzrhZ3t0XdVpwIezHRelPx3ZxkqyUy8Lx/90YzR1kxaJpmNS7c1pBV60scdiJVQ4vXQtetKxIgRVQ==}
    engines: {node: '>=20.18.0'}
    peerDependencies:
      typescript: ^5.0.0
    peerDependenciesMeta:
      typescript:
        optional: true

  '@solana/transaction-confirmation@6.0.1':
    resolution: {integrity: sha512-x0sXnS75xwchAtQU0UbQ7wBQoWqgUQkn0G4DKQMEGllWGRsJFvpQzuUqAgh5fNhe2sMt8+4QdQHrI01zUNDDtQ==}
    engines: {node: '>=20.18.0'}
    peerDependencies:
      typescript: ^5.0.0
    peerDependenciesMeta:
      typescript:
        optional: true

  '@solana/transaction-messages@6.0.1':
    resolution: {integrity: sha512-lpSyXsFPMCDo5Vf0LLsdj5+WyYxUD+8WEMWuVDYiG/7e8fVjLEsZ6k/UpvyI7ZJnkMhfwEa3DRAubNDH1Biafg==}
    engines: {node: '>=20.18.0'}
    peerDependencies:
      typescript: ^5.0.0
    peerDependenciesMeta:
      typescript:
        optional: true

  '@solana/transactions@6.0.1':
    resolution: {integrity: sha512-VLFug8oKCpEyZv/mMMnQIraupXwMUzO4KzA/kGBHbUnCX95K7UFpc07AFc1nXGbo1jBBO4e+O2cnVWg097Yz0A==}
    engines: {node: '>=20.18.0'}
    peerDependencies:
      typescript: ^5.0.0
    peerDependenciesMeta:
      typescript:
        optional: true

  '@types/node@25.2.1':
    resolution: {integrity: sha512-CPrnr8voK8vC6eEtyRzvMpgp3VyVRhgclonE7qYi6P9sXwYb59ucfrnmFBTaP0yUi8Gk4yZg/LlTJULGxvTNsg==}

  chalk@5.6.2:
    resolution: {integrity: sha512-7NzBL0rN6fMUW+f7A6Io4h40qQlG+xGmtMxfbnH/K7TAtt8JQWVQK+6g0UXKMeVJoyV5EkkNsErQ8pVD3bLHbA==}
    engines: {node: ^12.17.0 || ^14.13 || >=16.0.0}

  commander@14.0.3:
    resolution: {integrity: sha512-H+y0Jo/T1RZ9qPP4Eh1pkcQcLRglraJaSLoyOtHxu6AapkjWVCy2Sit1QQ4x3Dng8qDlSsZEet7g5Pq06MvTgw==}
    engines: {node: '>=20'}

  dotenv@17.2.4:
    resolution: {integrity: sha512-mudtfb4zRB4bVvdj0xRo+e6duH1csJRM8IukBqfTRvHotn9+LBXB8ynAidP9zHqoRC/fsllXgk4kCKlR21fIhw==}
    engines: {node: '>=12'}

  esbuild@0.27.3:
    resolution: {integrity: sha512-8VwMnyGCONIs6cWue2IdpHxHnAjzxnw2Zr7MkVxB2vjmQ2ivqGFb4LEG3SMnv0Gb2F/G/2yA8zUaiL1gywDCCg==}
    engines: {node: '>=18'}
    hasBin: true

  fsevents@2.3.3:
    resolution: {integrity: sha512-5xoDfX+fL7faATnagmWPpbFtwh/R77WmMMqqHGS65C3vvB0YHrgF+B1YmZ3441tMj5n63k0212XNoJwzlhffQw==}
    engines: {node: ^8.16.0 || ^10.6.0 || >=11.0.0}
    os: [darwin]

  get-tsconfig@4.13.3:
    resolution: {integrity: sha512-vp8Cj/+9Q/ibZUrq1rhy8mCTQpCk31A3uu9wc1C50yAb3x2pFHOsGdAZQ7jD86ARayyxZUViYeIztW+GE8dcrg==}

  jsbi@4.3.2:
    resolution: {integrity: sha512-9fqMSQbhJykSeii05nxKl4m6Eqn2P6rOlYiS+C5Dr/HPIU/7yZxu5qzbs40tgaFORiw2Amd0mirjxatXYMkIew==}

  resolve-pkg-maps@1.0.0:
    resolution: {integrity: sha512-seS2Tj26TBVOC2NIc2rOe2y2ZO7efxITtLZcGSOnHHNOQ7CkiUBfw0Iw2ck6xkIhPwLhKNLS8BO+hEpngQlqzw==}

  tsx@4.21.0:
    resolution: {integrity: sha512-5C1sg4USs1lfG0GFb2RLXsdpXqBSEhAaA/0kPL01wxzpMqLILNxIxIOKiILz+cdg/pLnOUxFYOR5yhHU666wbw==}
    engines: {node: '>=18.0.0'}
    hasBin: true

  undici-types@7.16.0:
    resolution: {integrity: sha512-Zz+aZWSj8LE6zoxD+xrjh4VfkIG8Ya6LvYkZqtUQGJPZjYl53ypCaUwWqo7eI0x66KBGeRo+mlBEkMSeSZ38Nw==}

  undici-types@7.20.0:
    resolution: {integrity: sha512-PZDAAlMkNw5ZzN/ebfyrwzrMWfIf7Jbn9iM/I6SF456OKrb2wnfqVowaxEY/cMAM8MjFu1zhdpJyA0L+rTYwNw==}

  ws@8.19.0:
    resolution: {integrity: sha512-blAT2mjOEIi0ZzruJfIhb3nps74PRWTCz1IjglWEEpQl5XS/UNama6u2/rjFkDDouqr4L67ry+1aGIALViWjDg==}
    engines: {node: '>=10.0.0'}
    peerDependencies:
      bufferutil: ^4.0.1
      utf-8-validate: '>=5.0.2'
    peerDependenciesMeta:
      bufferutil:
        optional: true
      utf-8-validate:
        optional: true

snapshots:

  '@esbuild/aix-ppc64@0.27.3':
    optional: true

  '@esbuild/android-arm64@0.27.3':
    optional: true

  '@esbuild/android-arm@0.27.3':
    optional: true

  '@esbuild/android-x64@0.27.3':
    optional: true

  '@esbuild/darwin-arm64@0.27.3':
    optional: true

  '@esbuild/darwin-x64@0.27.3':
    optional: true

  '@esbuild/freebsd-arm64@0.27.3':
    optional: true

  '@esbuild/freebsd-x64@0.27.3':
    optional: true

  '@esbuild/linux-arm64@0.27.3':
    optional: true

  '@esbuild/linux-arm@0.27.3':
    optional: true

  '@esbuild/linux-ia32@0.27.3':
    optional: true

  '@esbuild/linux-loong64@0.27.3':
    optional: true

  '@esbuild/linux-mips64el@0.27.3':
    optional: true

  '@esbuild/linux-ppc64@0.27.3':
    optional: true

  '@esbuild/linux-riscv64@0.27.3':
    optional: true

  '@esbuild/linux-s390x@0.27.3':
    optional: true

  '@esbuild/linux-x64@0.27.3':
    optional: true

  '@esbuild/netbsd-arm64@0.27.3':
    optional: true

  '@esbuild/netbsd-x64@0.27.3':
    optional: true

  '@esbuild/openbsd-arm64@0.27.3':
    optional: true

  '@esbuild/openbsd-x64@0.27.3':
    optional: true

  '@esbuild/openharmony-arm64@0.27.3':
    optional: true

  '@esbuild/sunos-x64@0.27.3':
    optional: true

  '@esbuild/win32-arm64@0.27.3':
    optional: true

  '@esbuild/win32-ia32@0.27.3':
    optional: true

  '@esbuild/win32-x64@0.27.3':
    optional: true

  '@js-temporal/polyfill@0.5.1':
    dependencies:
      jsbi: 4.3.2

  '@solana-program/stake@0.5.0(@solana/kit@6.0.1)':
    dependencies:
      '@solana/kit': 6.0.1

  '@solana-program/system@0.10.0(@solana/kit@6.0.1)':
    dependencies:
      '@solana/kit': 6.0.1

  '@solana/accounts@6.0.1':
    dependencies:
      '@solana/addresses': 6.0.1
      '@solana/codecs-core': 6.0.1
      '@solana/codecs-strings': 6.0.1
      '@solana/errors': 6.0.1
      '@solana/rpc-spec': 6.0.1
      '@solana/rpc-types': 6.0.1
    transitivePeerDependencies:
      - fastestsmallesttextencoderdecoder

  '@solana/addresses@6.0.1':
    dependencies:
      '@solana/assertions': 6.0.1
      '@solana/codecs-core': 6.0.1
      '@solana/codecs-strings': 6.0.1
      '@solana/errors': 6.0.1
      '@solana/nominal-types': 6.0.1
    transitivePeerDependencies:
      - fastestsmallesttextencoderdecoder

  '@solana/assertions@6.0.1':
    dependencies:
      '@solana/errors': 6.0.1

  '@solana/codecs-core@6.0.1':
    dependencies:
      '@solana/errors': 6.0.1

  '@solana/codecs-data-structures@6.0.1':
    dependencies:
      '@solana/codecs-core': 6.0.1
      '@solana/codecs-numbers': 6.0.1
      '@solana/errors': 6.0.1

  '@solana/codecs-numbers@6.0.1':
    dependencies:
      '@solana/codecs-core': 6.0.1
      '@solana/errors': 6.0.1

  '@solana/codecs-strings@6.0.1':
    dependencies:
      '@solana/codecs-core': 6.0.1
      '@solana/codecs-numbers': 6.0.1
      '@solana/errors': 6.0.1

  '@solana/codecs@6.0.1':
    dependencies:
      '@solana/codecs-core': 6.0.1
      '@solana/codecs-data-structures': 6.0.1
      '@solana/codecs-numbers': 6.0.1
      '@solana/codecs-strings': 6.0.1
      '@solana/options': 6.0.1
    transitivePeerDependencies:
      - fastestsmallesttextencoderdecoder

  '@solana/errors@6.0.1':
    dependencies:
      chalk: 5.6.2
      commander: 14.0.3

  '@solana/fast-stable-stringify@6.0.1': {}

  '@solana/functional@6.0.1': {}

  '@solana/instruction-plans@6.0.1':
    dependencies:
      '@solana/errors': 6.0.1
      '@solana/instructions': 6.0.1
      '@solana/keys': 6.0.1
      '@solana/promises': 6.0.1
      '@solana/transaction-messages': 6.0.1
      '@solana/transactions': 6.0.1
    transitivePeerDependencies:
      - fastestsmallesttextencoderdecoder

  '@solana/instructions@6.0.1':
    dependencies:
      '@solana/codecs-core': 6.0.1
      '@solana/errors': 6.0.1

  '@solana/keys@6.0.1':
    dependencies:
      '@solana/assertions': 6.0.1
      '@solana/codecs-core': 6.0.1
      '@solana/codecs-strings': 6.0.1
      '@solana/errors': 6.0.1
      '@solana/nominal-types': 6.0.1
    transitivePeerDependencies:
      - fastestsmallesttextencoderdecoder

  '@solana/kit@6.0.1':
    dependencies:
      '@solana/accounts': 6.0.1
      '@solana/addresses': 6.0.1
      '@solana/codecs': 6.0.1
      '@solana/errors': 6.0.1
      '@solana/functional': 6.0.1
      '@solana/instruction-plans': 6.0.1
      '@solana/instructions': 6.0.1
      '@solana/keys': 6.0.1
      '@solana/offchain-messages': 6.0.1
      '@solana/plugin-core': 6.0.1
      '@solana/programs': 6.0.1
      '@solana/rpc': 6.0.1
      '@solana/rpc-api': 6.0.1
      '@solana/rpc-parsed-types': 6.0.1
      '@solana/rpc-spec-types': 6.0.1
      '@solana/rpc-subscriptions': 6.0.1
      '@solana/rpc-types': 6.0.1
      '@solana/signers': 6.0.1
      '@solana/sysvars': 6.0.1
      '@solana/transaction-confirmation': 6.0.1
      '@solana/transaction-messages': 6.0.1
      '@solana/transactions': 6.0.1
    transitivePeerDependencies:
      - bufferutil
      - fastestsmallesttextencoderdecoder
      - utf-8-validate

  '@solana/nominal-types@6.0.1': {}

  '@solana/offchain-messages@6.0.1':
    dependencies:
      '@solana/addresses': 6.0.1
      '@solana/codecs-core': 6.0.1
      '@solana/codecs-data-structures': 6.0.1
      '@solana/codecs-numbers': 6.0.1
      '@solana/codecs-strings': 6.0.1
      '@solana/errors': 6.0.1
      '@solana/keys': 6.0.1
      '@solana/nominal-types': 6.0.1
    transitivePeerDependencies:
      - fastestsmallesttextencoderdecoder

  '@solana/options@6.0.1':
    dependencies:
      '@solana/codecs-core': 6.0.1
      '@solana/codecs-data-structures': 6.0.1
      '@solana/codecs-numbers': 6.0.1
      '@solana/codecs-strings': 6.0.1
      '@solana/errors': 6.0.1
    transitivePeerDependencies:
      - fastestsmallesttextencoderdecoder

  '@solana/plugin-core@6.0.1': {}

  '@solana/programs@6.0.1':
    dependencies:
      '@solana/addresses': 6.0.1
      '@solana/errors': 6.0.1
    transitivePeerDependencies:
      - fastestsmallesttextencoderdecoder

  '@solana/promises@6.0.1': {}

  '@solana/rpc-api@6.0.1':
    dependencies:
      '@solana/addresses': 6.0.1
      '@solana/codecs-core': 6.0.1
      '@solana/codecs-strings': 6.0.1
      '@solana/errors': 6.0.1
      '@solana/keys': 6.0.1
      '@solana/rpc-parsed-types': 6.0.1
      '@solana/rpc-spec': 6.0.1
      '@solana/rpc-transformers': 6.0.1
      '@solana/rpc-types': 6.0.1
      '@solana/transaction-messages': 6.0.1
      '@solana/transactions': 6.0.1
    transitivePeerDependencies:
      - fastestsmallesttextencoderdecoder

  '@solana/rpc-parsed-types@6.0.1': {}

  '@solana/rpc-spec-types@6.0.1': {}

  '@solana/rpc-spec@6.0.1':
    dependencies:
      '@solana/errors': 6.0.1
      '@solana/rpc-spec-types': 6.0.1

  '@solana/rpc-subscriptions-api@6.0.1':
    dependencies:
      '@solana/addresses': 6.0.1
      '@solana/keys': 6.0.1
      '@solana/rpc-subscriptions-spec': 6.0.1
      '@solana/rpc-transformers': 6.0.1
      '@solana/rpc-types': 6.0.1
      '@solana/transaction-messages': 6.0.1
      '@solana/transactions': 6.0.1
    transitivePeerDependencies:
      - fastestsmallesttextencoderdecoder

  '@solana/rpc-subscriptions-channel-websocket@6.0.1':
    dependencies:
      '@solana/errors': 6.0.1
      '@solana/functional': 6.0.1
      '@solana/rpc-subscriptions-spec': 6.0.1
      '@solana/subscribable': 6.0.1
      ws: 8.19.0
    transitivePeerDependencies:
      - bufferutil
      - utf-8-validate

  '@solana/rpc-subscriptions-spec@6.0.1':
    dependencies:
      '@solana/errors': 6.0.1
      '@solana/promises': 6.0.1
      '@solana/rpc-spec-types': 6.0.1
      '@solana/subscribable': 6.0.1

  '@solana/rpc-subscriptions@6.0.1':
    dependencies:
      '@solana/errors': 6.0.1
      '@solana/fast-stable-stringify': 6.0.1
      '@solana/functional': 6.0.1
      '@solana/promises': 6.0.1
      '@solana/rpc-spec-types': 6.0.1
      '@solana/rpc-subscriptions-api': 6.0.1
      '@solana/rpc-subscriptions-channel-websocket': 6.0.1
      '@solana/rpc-subscriptions-spec': 6.0.1
      '@solana/rpc-transformers': 6.0.1
      '@solana/rpc-types': 6.0.1
      '@solana/subscribable': 6.0.1
    transitivePeerDependencies:
      - bufferutil
      - fastestsmallesttextencoderdecoder
      - utf-8-validate

  '@solana/rpc-transformers@6.0.1':
    dependencies:
      '@solana/errors': 6.0.1
      '@solana/functional': 6.0.1
      '@solana/nominal-types': 6.0.1
      '@solana/rpc-spec-types': 6.0.1
      '@solana/rpc-types': 6.0.1
    transitivePeerDependencies:
      - fastestsmallesttextencoderdecoder

  '@solana/rpc-transport-http@6.0.1':
    dependencies:
      '@solana/errors': 6.0.1
      '@solana/rpc-spec': 6.0.1
      '@solana/rpc-spec-types': 6.0.1
      undici-types: 7.20.0

  '@solana/rpc-types@6.0.1':
    dependencies:
      '@solana/addresses': 6.0.1
      '@solana/codecs-core': 6.0.1
      '@solana/codecs-numbers': 6.0.1
      '@solana/codecs-strings': 6.0.1
      '@solana/errors': 6.0.1
      '@solana/nominal-types': 6.0.1
    transitivePeerDependencies:
      - fastestsmallesttextencoderdecoder

  '@solana/rpc@6.0.1':
    dependencies:
      '@solana/errors': 6.0.1
      '@solana/fast-stable-stringify': 6.0.1
      '@solana/functional': 6.0.1
      '@solana/rpc-api': 6.0.1
      '@solana/rpc-spec': 6.0.1
      '@solana/rpc-spec-types': 6.0.1
      '@solana/rpc-transformers': 6.0.1
      '@solana/rpc-transport-http': 6.0.1
      '@solana/rpc-types': 6.0.1
    transitivePeerDependencies:
      - fastestsmallesttextencoderdecoder

  '@solana/signers@6.0.1':
    dependencies:
      '@solana/addresses': 6.0.1
      '@solana/codecs-core': 6.0.1
      '@solana/errors': 6.0.1
      '@solana/instructions': 6.0.1
      '@solana/keys': 6.0.1
      '@solana/nominal-types': 6.0.1
      '@solana/offchain-messages': 6.0.1
      '@solana/transaction-messages': 6.0.1
      '@solana/transactions': 6.0.1
    transitivePeerDependencies:
      - fastestsmallesttextencoderdecoder

  '@solana/subscribable@6.0.1':
    dependencies:
      '@solana/errors': 6.0.1

  '@solana/sysvars@6.0.1':
    dependencies:
      '@solana/accounts': 6.0.1
      '@solana/codecs': 6.0.1
      '@solana/errors': 6.0.1
      '@solana/rpc-types': 6.0.1
    transitivePeerDependencies:
      - fastestsmallesttextencoderdecoder

  '@solana/transaction-confirmation@6.0.1':
    dependencies:
      '@solana/addresses': 6.0.1
      '@solana/codecs-strings': 6.0.1
      '@solana/errors': 6.0.1
      '@solana/keys': 6.0.1
      '@solana/promises': 6.0.1
      '@solana/rpc': 6.0.1
      '@solana/rpc-subscriptions': 6.0.1
      '@solana/rpc-types': 6.0.1
      '@solana/transaction-messages': 6.0.1
      '@solana/transactions': 6.0.1
    transitivePeerDependencies:
      - bufferutil
      - fastestsmallesttextencoderdecoder
      - utf-8-validate

  '@solana/transaction-messages@6.0.1':
    dependencies:
      '@solana/addresses': 6.0.1
      '@solana/codecs-core': 6.0.1
      '@solana/codecs-data-structures': 6.0.1
      '@solana/codecs-numbers': 6.0.1
      '@solana/errors': 6.0.1
      '@solana/functional': 6.0.1
      '@solana/instructions': 6.0.1
      '@solana/nominal-types': 6.0.1
      '@solana/rpc-types': 6.0.1
    transitivePeerDependencies:
      - fastestsmallesttextencoderdecoder

  '@solana/transactions@6.0.1':
    dependencies:
      '@solana/addresses': 6.0.1
      '@solana/codecs-core': 6.0.1
      '@solana/codecs-data-structures': 6.0.1
      '@solana/codecs-numbers': 6.0.1
      '@solana/codecs-strings': 6.0.1
      '@solana/errors': 6.0.1
      '@solana/functional': 6.0.1
      '@solana/instructions': 6.0.1
      '@solana/keys': 6.0.1
      '@solana/nominal-types': 6.0.1
      '@solana/rpc-types': 6.0.1
      '@solana/transaction-messages': 6.0.1
    transitivePeerDependencies:
      - fastestsmallesttextencoderdecoder

  '@types/node@25.2.1':
    dependencies:
      undici-types: 7.16.0

  chalk@5.6.2: {}

  commander@14.0.3: {}

  dotenv@17.2.4: {}

  esbuild@0.27.3:
    optionalDependencies:
      '@esbuild/aix-ppc64': 0.27.3
      '@esbuild/android-arm': 0.27.3
      '@esbuild/android-arm64': 0.27.3
      '@esbuild/android-x64': 0.27.3
      '@esbuild/darwin-arm64': 0.27.3
      '@esbuild/darwin-x64': 0.27.3
      '@esbuild/freebsd-arm64': 0.27.3
      '@esbuild/freebsd-x64': 0.27.3
      '@esbuild/linux-arm': 0.27.3
      '@esbuild/linux-arm64': 0.27.3
      '@esbuild/linux-ia32': 0.27.3
      '@esbuild/linux-loong64': 0.27.3
      '@esbuild/linux-mips64el': 0.27.3
      '@esbuild/linux-ppc64': 0.27.3
      '@esbuild/linux-riscv64': 0.27.3
      '@esbuild/linux-s390x': 0.27.3
      '@esbuild/linux-x64': 0.27.3
      '@esbuild/netbsd-arm64': 0.27.3
      '@esbuild/netbsd-x64': 0.27.3
      '@esbuild/openbsd-arm64': 0.27.3
      '@esbuild/openbsd-x64': 0.27.3
      '@esbuild/openharmony-arm64': 0.27.3
      '@esbuild/sunos-x64': 0.27.3
      '@esbuild/win32-arm64': 0.27.3
      '@esbuild/win32-ia32': 0.27.3
      '@esbuild/win32-x64': 0.27.3

  fsevents@2.3.3:
    optional: true

  get-tsconfig@4.13.3:
    dependencies:
      resolve-pkg-maps: 1.0.0

  jsbi@4.3.2: {}

  resolve-pkg-maps@1.0.0: {}

  tsx@4.21.0:
    dependencies:
      esbuild: 0.27.3
      get-tsconfig: 4.13.3
    optionalDependencies:
      fsevents: 2.3.3

  undici-types@7.16.0: {}

  undici-types@7.20.0: {}

  ws@8.19.0: {}
